
Microsoft Visual Studio Solution File, Format Version 12.00
# Visual Studio Version 17
VisualStudioVersion = 17.8.34525.116
MinimumVisualStudioVersion = 10.0.40219.1
Project("{9A19103F-16F7-4668-BE54-9A1E7A4F7556}") = "FirstApp", "FirstApp\FirstApp.csproj", "{402AAD1C-B537-4B38-87A2-C0E500CCC715}"
EndProject
Project("{9A19103F-16F7-4668-BE54-9A1E7A4F7556}") = "ValueTypes", "ValueTypes\ValueTypes.csproj", "{7B6DDB49-3764-4803-8355-EB0329CD487E}"
EndProject
Project("{9A19103F-16F7-4668-BE54-9A1E7A4F7556}") = "ReferencesTypes", "ReferencesTypes\ReferencesTypes.csproj", "{2BEE0313-F82D-4D12-9D64-658A7C68AF7C}"
EndProject
Project("{9A19103F-16F7-4668-BE54-9A1E7A4F7556}") = "Conditions", "Operators\Conditions.csproj", "{C20939EB-FD78-497C-8B9E-3BC1E7ABA73A}"
EndProject
Project("{9A19103F-16F7-4668-BE54-9A1E7A4F7556}") = "Nullable", "Nullable\Nullable.csproj", "{7B03D04E-837E-42EF-9098-5B89E2EE288C}"
EndProject
Project("{9A19103F-16F7-4668-BE54-9A1E7A4F7556}") = "Arrays&Lists", "Arrays&Lists\Arrays&Lists.csproj", "{586FAE5F-60E6-42A7-BFBC-D49418F4578C}"
EndProject
Project("{9A19103F-16F7-4668-BE54-9A1E7A4F7556}") = "ClassesAndObjects", "ClassesAndObjects\ClassesAndObjects.csproj", "{1055E804-7EDA-4946-B6D4-4ED4FC7E5215}"
EndProject
Project("{9A19103F-16F7-4668-BE54-9A1E7A4F7556}") = "RefVarOut", "RefVarOut\RefVarOut.csproj", "{E88C38A5-3221-4AF1-80E1-CAE815F4FDFD}"
EndProject
Project("{9A19103F-16F7-4668-BE54-9A1E7A4F7556}") = "ErrorHandling", "ErrorHandling\ErrorHandling.csproj", "{81D3B980-AA37-4E19-BD82-9BFB5AF7C0FD}"
EndProject
Project("{2150E333-8FDC-42A3-9474-1A3956D46DE8}") = "C# fundamentals", "C# fundamentals", "{3F88A315-2140-438E-A8EB-EF58F1DB0E71}"
EndProject
Project("{2150E333-8FDC-42A3-9474-1A3956D46DE8}") = "Object-oriented programming 1", "Object-oriented programming 1", "{CC1C883C-4A41-4281-BBAB-4DD58B31A426}"
EndProject
Project("{9A19103F-16F7-4668-BE54-9A1E7A4F7556}") = "CreationOfObjects", "CreationOfObjects\CreationOfObjects.csproj", "{75832468-B2CC-4BC2-90A8-3CD0503B8068}"
EndProject
Project("{9A19103F-16F7-4668-BE54-9A1E7A4F7556}") = "Inheritance", "Inheritance\Inheritance.csproj", "{50B849A7-1F51-467B-90D4-361BEDF6A23E}"
EndProject
Project("{9A19103F-16F7-4668-BE54-9A1E7A4F7556}") = "Encapsulation", "Encapsulation\Encapsulation.csproj", "{4372AF33-7803-4228-8196-69B887D3479F}"
EndProject
Project("{2150E333-8FDC-42A3-9474-1A3956D46DE8}") = "Exercises", "Exercises", "{7D6785B8-EB41-4FB9-A5AE-21DB9E246DF0}"
EndProject
Project("{9A19103F-16F7-4668-BE54-9A1E7A4F7556}") = "Exercise1", "Exercise1\Exercise1.csproj", "{8FECFCE8-59C8-48E3-A48A-685D7BC11A68}"
EndProject
Project("{9A19103F-16F7-4668-BE54-9A1E7A4F7556}") = "ApstactClassesAndInterfaces", "ApstactClassesAndInterfaces\ApstactClassesAndInterfaces.csproj", "{0C904877-2898-42DF-84B5-CB55F797F9BC}"
EndProject
Project("{9A19103F-16F7-4668-BE54-9A1E7A4F7556}") = "GenericsTypes", "GenericsTypes\GenericsTypes.csproj", "{1C9B1938-AFD3-4563-87D8-6080AD0A1393}"
EndProject
Project("{9A19103F-16F7-4668-BE54-9A1E7A4F7556}") = "StaticExtensions", "StaticEstations\StaticExtensions.csproj", "{1BC1FF1C-8DA5-496A-A910-5C2F7266AF08}"
EndProject
Project("{9A19103F-16F7-4668-BE54-9A1E7A4F7556}") = "Exercise2", "Exercise2\Exercise2.csproj", "{81CD0E11-525F-4CD4-85DB-5257C551135D}"
EndProject
Project("{9A19103F-16F7-4668-BE54-9A1E7A4F7556}") = "Composition&Inheritance", "Composition&Inheritance\Composition&Inheritance.csproj", "{515F3B8D-65C6-4CC0-8073-64DB980135FA}"
EndProject
Project("{9A19103F-16F7-4668-BE54-9A1E7A4F7556}") = "CustomException", "CustomException\CustomException.csproj", "{749F583D-AA43-4700-AAAF-2D3CB7F9C295}"
EndProject
Project("{9A19103F-16F7-4668-BE54-9A1E7A4F7556}") = "DelegatesAnonymousFunctionsLambda", "DelegatesAnonymousFunctionsLambda\DelegatesAnonymousFunctionsLambda.csproj", "{03383281-4F15-4731-89EA-ECBCAB0EF7E7}"
EndProject
Project("{9A19103F-16F7-4668-BE54-9A1E7A4F7556}") = "Exercise3", "Exercise3\Exercise3.csproj", "{84B56A81-FE27-414B-8C4A-0FB93F18122D}"
EndProject
Project("{FAE04EC0-301F-11D3-BF4B-00C04F79EFBC}") = "Exercise4", "Exercise4\Exercise4.csproj", "{F7D26E02-9349-481C-B63B-5E09C021D643}"
EndProject
Global
	GlobalSection(SolutionConfigurationPlatforms) = preSolution
		Debug|Any CPU = Debug|Any CPU
		Release|Any CPU = Release|Any CPU
	EndGlobalSection
	GlobalSection(ProjectConfigurationPlatforms) = postSolution
		{402AAD1C-B537-4B38-87A2-C0E500CCC715}.Debug|Any CPU.ActiveCfg = Debug|Any CPU
		{402AAD1C-B537-4B38-87A2-C0E500CCC715}.Debug|Any CPU.Build.0 = Debug|Any CPU
		{402AAD1C-B537-4B38-87A2-C0E500CCC715}.Release|Any CPU.ActiveCfg = Release|Any CPU
		{402AAD1C-B537-4B38-87A2-C0E500CCC715}.Release|Any CPU.Build.0 = Release|Any CPU
		{7B6DDB49-3764-4803-8355-EB0329CD487E}.Debug|Any CPU.ActiveCfg = Debug|Any CPU
		{7B6DDB49-3764-4803-8355-EB0329CD487E}.Debug|Any CPU.Build.0 = Debug|Any CPU
		{7B6DDB49-3764-4803-8355-EB0329CD487E}.Release|Any CPU.ActiveCfg = Release|Any CPU
		{7B6DDB49-3764-4803-8355-EB0329CD487E}.Release|Any CPU.Build.0 = Release|Any CPU
		{2BEE0313-F82D-4D12-9D64-658A7C68AF7C}.Debug|Any CPU.ActiveCfg = Debug|Any CPU
		{2BEE0313-F82D-4D12-9D64-658A7C68AF7C}.Debug|Any CPU.Build.0 = Debug|Any CPU
		{2BEE0313-F82D-4D12-9D64-658A7C68AF7C}.Release|Any CPU.ActiveCfg = Release|Any CPU
		{2BEE0313-F82D-4D12-9D64-658A7C68AF7C}.Release|Any CPU.Build.0 = Release|Any CPU
		{C20939EB-FD78-497C-8B9E-3BC1E7ABA73A}.Debug|Any CPU.ActiveCfg = Debug|Any CPU
		{C20939EB-FD78-497C-8B9E-3BC1E7ABA73A}.Debug|Any CPU.Build.0 = Debug|Any CPU
		{C20939EB-FD78-497C-8B9E-3BC1E7ABA73A}.Release|Any CPU.ActiveCfg = Release|Any CPU
		{C20939EB-FD78-497C-8B9E-3BC1E7ABA73A}.Release|Any CPU.Build.0 = Release|Any CPU
		{7B03D04E-837E-42EF-9098-5B89E2EE288C}.Debug|Any CPU.ActiveCfg = Debug|Any CPU
		{7B03D04E-837E-42EF-9098-5B89E2EE288C}.Debug|Any CPU.Build.0 = Debug|Any CPU
		{7B03D04E-837E-42EF-9098-5B89E2EE288C}.Release|Any CPU.ActiveCfg = Release|Any CPU
		{7B03D04E-837E-42EF-9098-5B89E2EE288C}.Release|Any CPU.Build.0 = Release|Any CPU
		{586FAE5F-60E6-42A7-BFBC-D49418F4578C}.Debug|Any CPU.ActiveCfg = Debug|Any CPU
		{586FAE5F-60E6-42A7-BFBC-D49418F4578C}.Debug|Any CPU.Build.0 = Debug|Any CPU
		{586FAE5F-60E6-42A7-BFBC-D49418F4578C}.Release|Any CPU.ActiveCfg = Release|Any CPU
		{586FAE5F-60E6-42A7-BFBC-D49418F4578C}.Release|Any CPU.Build.0 = Release|Any CPU
		{1055E804-7EDA-4946-B6D4-4ED4FC7E5215}.Debug|Any CPU.ActiveCfg = Debug|Any CPU
		{1055E804-7EDA-4946-B6D4-4ED4FC7E5215}.Debug|Any CPU.Build.0 = Debug|Any CPU
		{1055E804-7EDA-4946-B6D4-4ED4FC7E5215}.Release|Any CPU.ActiveCfg = Release|Any CPU
		{1055E804-7EDA-4946-B6D4-4ED4FC7E5215}.Release|Any CPU.Build.0 = Release|Any CPU
		{E88C38A5-3221-4AF1-80E1-CAE815F4FDFD}.Debug|Any CPU.ActiveCfg = Debug|Any CPU
		{E88C38A5-3221-4AF1-80E1-CAE815F4FDFD}.Debug|Any CPU.Build.0 = Debug|Any CPU
		{E88C38A5-3221-4AF1-80E1-CAE815F4FDFD}.Release|Any CPU.ActiveCfg = Release|Any CPU
		{E88C38A5-3221-4AF1-80E1-CAE815F4FDFD}.Release|Any CPU.Build.0 = Release|Any CPU
		{81D3B980-AA37-4E19-BD82-9BFB5AF7C0FD}.Debug|Any CPU.ActiveCfg = Debug|Any CPU
		{81D3B980-AA37-4E19-BD82-9BFB5AF7C0FD}.Debug|Any CPU.Build.0 = Debug|Any CPU
		{81D3B980-AA37-4E19-BD82-9BFB5AF7C0FD}.Release|Any CPU.ActiveCfg = Release|Any CPU
		{81D3B980-AA37-4E19-BD82-9BFB5AF7C0FD}.Release|Any CPU.Build.0 = Release|Any CPU
		{75832468-B2CC-4BC2-90A8-3CD0503B8068}.Debug|Any CPU.ActiveCfg = Debug|Any CPU
		{75832468-B2CC-4BC2-90A8-3CD0503B8068}.Debug|Any CPU.Build.0 = Debug|Any CPU
		{75832468-B2CC-4BC2-90A8-3CD0503B8068}.Release|Any CPU.ActiveCfg = Release|Any CPU
		{75832468-B2CC-4BC2-90A8-3CD0503B8068}.Release|Any CPU.Build.0 = Release|Any CPU
		{50B849A7-1F51-467B-90D4-361BEDF6A23E}.Debug|Any CPU.ActiveCfg = Debug|Any CPU
		{50B849A7-1F51-467B-90D4-361BEDF6A23E}.Debug|Any CPU.Build.0 = Debug|Any CPU
		{50B849A7-1F51-467B-90D4-361BEDF6A23E}.Release|Any CPU.ActiveCfg = Release|Any CPU
		{50B849A7-1F51-467B-90D4-361BEDF6A23E}.Release|Any CPU.Build.0 = Release|Any CPU
		{4372AF33-7803-4228-8196-69B887D3479F}.Debug|Any CPU.ActiveCfg = Debug|Any CPU
		{4372AF33-7803-4228-8196-69B887D3479F}.Debug|Any CPU.Build.0 = Debug|Any CPU
		{4372AF33-7803-4228-8196-69B887D3479F}.Release|Any CPU.ActiveCfg = Release|Any CPU
		{4372AF33-7803-4228-8196-69B887D3479F}.Release|Any CPU.Build.0 = Release|Any CPU
		{8FECFCE8-59C8-48E3-A48A-685D7BC11A68}.Debug|Any CPU.ActiveCfg = Debug|Any CPU
		{8FECFCE8-59C8-48E3-A48A-685D7BC11A68}.Debug|Any CPU.Build.0 = Debug|Any CPU
		{8FECFCE8-59C8-48E3-A48A-685D7BC11A68}.Release|Any CPU.ActiveCfg = Release|Any CPU
		{8FECFCE8-59C8-48E3-A48A-685D7BC11A68}.Release|Any CPU.Build.0 = Release|Any CPU
		{0C904877-2898-42DF-84B5-CB55F797F9BC}.Debug|Any CPU.ActiveCfg = Debug|Any CPU
		{0C904877-2898-42DF-84B5-CB55F797F9BC}.Debug|Any CPU.Build.0 = Debug|Any CPU
		{0C904877-2898-42DF-84B5-CB55F797F9BC}.Release|Any CPU.ActiveCfg = Release|Any CPU
		{0C904877-2898-42DF-84B5-CB55F797F9BC}.Release|Any CPU.Build.0 = Release|Any CPU
		{1C9B1938-AFD3-4563-87D8-6080AD0A1393}.Debug|Any CPU.ActiveCfg = Debug|Any CPU
		{1C9B1938-AFD3-4563-87D8-6080AD0A1393}.Debug|Any CPU.Build.0 = Debug|Any CPU
		{1C9B1938-AFD3-4563-87D8-6080AD0A1393}.Release|Any CPU.ActiveCfg = Release|Any CPU
		{1C9B1938-AFD3-4563-87D8-6080AD0A1393}.Release|Any CPU.Build.0 = Release|Any CPU
		{1BC1FF1C-8DA5-496A-A910-5C2F7266AF08}.Debug|Any CPU.ActiveCfg = Debug|Any CPU
		{1BC1FF1C-8DA5-496A-A910-5C2F7266AF08}.Debug|Any CPU.Build.0 = Debug|Any CPU
		{1BC1FF1C-8DA5-496A-A910-5C2F7266AF08}.Release|Any CPU.ActiveCfg = Release|Any CPU
		{1BC1FF1C-8DA5-496A-A910-5C2F7266AF08}.Release|Any CPU.Build.0 = Release|Any CPU
		{81CD0E11-525F-4CD4-85DB-5257C551135D}.Debug|Any CPU.ActiveCfg = Debug|Any CPU
		{81CD0E11-525F-4CD4-85DB-5257C551135D}.Debug|Any CPU.Build.0 = Debug|Any CPU
		{81CD0E11-525F-4CD4-85DB-5257C551135D}.Release|Any CPU.ActiveCfg = Release|Any CPU
		{81CD0E11-525F-4CD4-85DB-5257C551135D}.Release|Any CPU.Build.0 = Release|Any CPU
		{515F3B8D-65C6-4CC0-8073-64DB980135FA}.Debug|Any CPU.ActiveCfg = Debug|Any CPU
		{515F3B8D-65C6-4CC0-8073-64DB980135FA}.Debug|Any CPU.Build.0 = Debug|Any CPU
		{515F3B8D-65C6-4CC0-8073-64DB980135FA}.Release|Any CPU.ActiveCfg = Release|Any CPU
		{515F3B8D-65C6-4CC0-8073-64DB980135FA}.Release|Any CPU.Build.0 = Release|Any CPU
		{749F583D-AA43-4700-AAAF-2D3CB7F9C295}.Debug|Any CPU.ActiveCfg = Debug|Any CPU
		{749F583D-AA43-4700-AAAF-2D3CB7F9C295}.Debug|Any CPU.Build.0 = Debug|Any CPU
		{749F583D-AA43-4700-AAAF-2D3CB7F9C295}.Release|Any CPU.ActiveCfg = Release|Any CPU
		{749F583D-AA43-4700-AAAF-2D3CB7F9C295}.Release|Any CPU.Build.0 = Release|Any CPU
		{03383281-4F15-4731-89EA-ECBCAB0EF7E7}.Debug|Any CPU.ActiveCfg = Debug|Any CPU
		{03383281-4F15-4731-89EA-ECBCAB0EF7E7}.Debug|Any CPU.Build.0 = Debug|Any CPU
		{03383281-4F15-4731-89EA-ECBCAB0EF7E7}.Release|Any CPU.ActiveCfg = Release|Any CPU
		{03383281-4F15-4731-89EA-ECBCAB0EF7E7}.Release|Any CPU.Build.0 = Release|Any CPU
		{84B56A81-FE27-414B-8C4A-0FB93F18122D}.Debug|Any CPU.ActiveCfg = Debug|Any CPU
		{84B56A81-FE27-414B-8C4A-0FB93F18122D}.Debug|Any CPU.Build.0 = Debug|Any CPU
		{84B56A81-FE27-414B-8C4A-0FB93F18122D}.Release|Any CPU.ActiveCfg = Release|Any CPU
		{84B56A81-FE27-414B-8C4A-0FB93F18122D}.Release|Any CPU.Build.0 = Release|Any CPU
		{F7D26E02-9349-481C-B63B-5E09C021D643}.Debug|Any CPU.ActiveCfg = Debug|Any CPU
		{F7D26E02-9349-481C-B63B-5E09C021D643}.Debug|Any CPU.Build.0 = Debug|Any CPU
		{F7D26E02-9349-481C-B63B-5E09C021D643}.Release|Any CPU.ActiveCfg = Release|Any CPU
		{F7D26E02-9349-481C-B63B-5E09C021D643}.Release|Any CPU.Build.0 = Release|Any CPU
	EndGlobalSection
	GlobalSection(SolutionProperties) = preSolution
		HideSolutionNode = FALSE
	EndGlobalSection
	GlobalSection(NestedProjects) = preSolution
		{402AAD1C-B537-4B38-87A2-C0E500CCC715} = {3F88A315-2140-438E-A8EB-EF58F1DB0E71}
		{7B6DDB49-3764-4803-8355-EB0329CD487E} = {3F88A315-2140-438E-A8EB-EF58F1DB0E71}
		{2BEE0313-F82D-4D12-9D64-658A7C68AF7C} = {3F88A315-2140-438E-A8EB-EF58F1DB0E71}
		{C20939EB-FD78-497C-8B9E-3BC1E7ABA73A} = {3F88A315-2140-438E-A8EB-EF58F1DB0E71}
		{7B03D04E-837E-42EF-9098-5B89E2EE288C} = {3F88A315-2140-438E-A8EB-EF58F1DB0E71}
		{586FAE5F-60E6-42A7-BFBC-D49418F4578C} = {3F88A315-2140-438E-A8EB-EF58F1DB0E71}
		{1055E804-7EDA-4946-B6D4-4ED4FC7E5215} = {3F88A315-2140-438E-A8EB-EF58F1DB0E71}
		{E88C38A5-3221-4AF1-80E1-CAE815F4FDFD} = {3F88A315-2140-438E-A8EB-EF58F1DB0E71}
		{81D3B980-AA37-4E19-BD82-9BFB5AF7C0FD} = {3F88A315-2140-438E-A8EB-EF58F1DB0E71}
		{75832468-B2CC-4BC2-90A8-3CD0503B8068} = {CC1C883C-4A41-4281-BBAB-4DD58B31A426}
		{50B849A7-1F51-467B-90D4-361BEDF6A23E} = {CC1C883C-4A41-4281-BBAB-4DD58B31A426}
		{4372AF33-7803-4228-8196-69B887D3479F} = {CC1C883C-4A41-4281-BBAB-4DD58B31A426}
		{7D6785B8-EB41-4FB9-A5AE-21DB9E246DF0} = {CC1C883C-4A41-4281-BBAB-4DD58B31A426}
		{8FECFCE8-59C8-48E3-A48A-685D7BC11A68} = {7D6785B8-EB41-4FB9-A5AE-21DB9E246DF0}
		{0C904877-2898-42DF-84B5-CB55F797F9BC} = {CC1C883C-4A41-4281-BBAB-4DD58B31A426}
		{1C9B1938-AFD3-4563-87D8-6080AD0A1393} = {CC1C883C-4A41-4281-BBAB-4DD58B31A426}
		{1BC1FF1C-8DA5-496A-A910-5C2F7266AF08} = {CC1C883C-4A41-4281-BBAB-4DD58B31A426}
		{81CD0E11-525F-4CD4-85DB-5257C551135D} = {7D6785B8-EB41-4FB9-A5AE-21DB9E246DF0}
		{515F3B8D-65C6-4CC0-8073-64DB980135FA} = {CC1C883C-4A41-4281-BBAB-4DD58B31A426}
		{749F583D-AA43-4700-AAAF-2D3CB7F9C295} = {CC1C883C-4A41-4281-BBAB-4DD58B31A426}
		{03383281-4F15-4731-89EA-ECBCAB0EF7E7} = {CC1C883C-4A41-4281-BBAB-4DD58B31A426}
		{84B56A81-FE27-414B-8C4A-0FB93F18122D} = {7D6785B8-EB41-4FB9-A5AE-21DB9E246DF0}
		{F7D26E02-9349-481C-B63B-5E09C021D643} = {7D6785B8-EB41-4FB9-A5AE-21DB9E246DF0}
	EndGlobalSection
	GlobalSection(ExtensibilityGlobals) = postSolution
		SolutionGuid = {2754F4B5-89EA-4E77-B037-A58A6578666B}
	EndGlobalSection
EndGlobal
